
Microsoft Visual Studio Solution File, Format Version 12.00
Project("{2150E333-8FDC-42A3-9474-1A3956D46DE8}") = "src", "src", "{4B55DA98-3CB3-4E12-BDBB-A1B9C4DFFE4F}"
EndProject
Project("{2150E333-8FDC-42A3-9474-1A3956D46DE8}") = "test", "test", "{A75CBEC7-1A39-48F0-BF03-7D811B012633}"
EndProject
Project("{FAE04EC0-301F-11D3-BF4B-00C04F79EFBC}") = "Bookify.Domain", "Bookify.Domain\Bookify.Domain.csproj", "{94389F0F-A920-4987-958D-C741455500F4}"
EndProject
Project("{FAE04EC0-301F-11D3-BF4B-00C04F79EFBC}") = "Bookify.Application", "Bookify.Application\Bookify.Application.csproj", "{703BB87E-7A44-410B-AA80-5660902D12BA}"
EndProject
Project("{FAE04EC0-301F-11D3-BF4B-00C04F79EFBC}") = "Bookify.Infrastructure", "Bookify.Infrastructure\Bookify.Infrastructure.csproj", "{0511BB73-E29C-4FCB-BE26-03433000A3B3}"
EndProject
Global
	GlobalSection(SolutionConfigurationPlatforms) = preSolution
		Debug|Any CPU = Debug|Any CPU
		Release|Any CPU = Release|Any CPU
	EndGlobalSection
	GlobalSection(NestedProjects) = preSolution
		{94389F0F-A920-4987-958D-C741455500F4} = {4B55DA98-3CB3-4E12-BDBB-A1B9C4DFFE4F}
		{703BB87E-7A44-410B-AA80-5660902D12BA} = {4B55DA98-3CB3-4E12-BDBB-A1B9C4DFFE4F}
		{0511BB73-E29C-4FCB-BE26-03433000A3B3} = {4B55DA98-3CB3-4E12-BDBB-A1B9C4DFFE4F}
	EndGlobalSection
	GlobalSection(ProjectConfigurationPlatforms) = postSolution
		{94389F0F-A920-4987-958D-C741455500F4}.Debug|Any CPU.ActiveCfg = Debug|Any CPU
		{94389F0F-A920-4987-958D-C741455500F4}.Debug|Any CPU.Build.0 = Debug|Any CPU
		{94389F0F-A920-4987-958D-C741455500F4}.Release|Any CPU.ActiveCfg = Release|Any CPU
		{94389F0F-A920-4987-958D-C741455500F4}.Release|Any CPU.Build.0 = Release|Any CPU
		{703BB87E-7A44-410B-AA80-5660902D12BA}.Debug|Any CPU.ActiveCfg = Debug|Any CPU
		{703BB87E-7A44-410B-AA80-5660902D12BA}.Debug|Any CPU.Build.0 = Debug|Any CPU
		{703BB87E-7A44-410B-AA80-5660902D12BA}.Release|Any CPU.ActiveCfg = Release|Any CPU
		{703BB87E-7A44-410B-AA80-5660902D12BA}.Release|Any CPU.Build.0 = Release|Any CPU
		{0511BB73-E29C-4FCB-BE26-03433000A3B3}.Debug|Any CPU.ActiveCfg = Debug|Any CPU
		{0511BB73-E29C-4FCB-BE26-03433000A3B3}.Debug|Any CPU.Build.0 = Debug|Any CPU
		{0511BB73-E29C-4FCB-BE26-03433000A3B3}.Release|Any CPU.ActiveCfg = Release|Any CPU
		{0511BB73-E29C-4FCB-BE26-03433000A3B3}.Release|Any CPU.Build.0 = Release|Any CPU
	EndGlobalSection
EndGlobal
