
Microsoft Visual Studio Solution File, Format Version 12.00
# Visual Studio Version 17
VisualStudioVersion = 17.9.34728.123
MinimumVisualStudioVersion = 10.0.40219.1
Project("{2150E333-8FDC-42A3-9474-1A3956D46DE8}") = "src", "src", "{4B55DA98-3CB3-4E12-BDBB-A1B9C4DFFE4F}"
EndProject
Project("{2150E333-8FDC-42A3-9474-1A3956D46DE8}") = "test", "test", "{A75CBEC7-1A39-48F0-BF03-7D811B012633}"
EndProject
Project("{E53339B2-1760-4266-BCC7-CA923CBCF16C}") = "docker-compose", "docker-compose.dcproj", "{D25E066A-AA9F-4527-8688-31BD1F681873}"
EndProject
Project("{9A19103F-16F7-4668-BE54-9A1E7A4F7556}") = "Bookify.API", "src\Bookify.API\Bookify.API.csproj", "{FC9F4D92-618D-4A43-92A2-47FFC336EB2F}"
EndProject
Project("{9A19103F-16F7-4668-BE54-9A1E7A4F7556}") = "Bookify.Application", "src\Bookify.Application\Bookify.Application.csproj", "{53ED53BC-301C-4D25-80D9-0912DCAF3A30}"
EndProject
Project("{9A19103F-16F7-4668-BE54-9A1E7A4F7556}") = "Bookify.Domain", "src\Bookify.Domain\Bookify.Domain.csproj", "{4C14DE15-EC79-4C61-A9D1-B3E27532836A}"
EndProject
Project("{9A19103F-16F7-4668-BE54-9A1E7A4F7556}") = "Bookify.Domain.UnitTests", "test\Bookify.Domain.UnitTests\Bookify.Domain.UnitTests.csproj", "{4AFB8267-A590-4778-A2D8-53AB03D47E81}"
EndProject
Project("{9A19103F-16F7-4668-BE54-9A1E7A4F7556}") = "Bookify.Infrastructure", "src\Bookify.Infrastructure\Bookify.Infrastructure.csproj", "{8A581454-944B-4125-8990-E523FA8830D1}"
EndProject
Global
	GlobalSection(SolutionConfigurationPlatforms) = preSolution
		Debug|Any CPU = Debug|Any CPU
		Release|Any CPU = Release|Any CPU
	EndGlobalSection
	GlobalSection(ProjectConfigurationPlatforms) = postSolution
		{D25E066A-AA9F-4527-8688-31BD1F681873}.Debug|Any CPU.ActiveCfg = Debug|Any CPU
		{D25E066A-AA9F-4527-8688-31BD1F681873}.Debug|Any CPU.Build.0 = Debug|Any CPU
		{D25E066A-AA9F-4527-8688-31BD1F681873}.Release|Any CPU.ActiveCfg = Release|Any CPU
		{D25E066A-AA9F-4527-8688-31BD1F681873}.Release|Any CPU.Build.0 = Release|Any CPU
		{FC9F4D92-618D-4A43-92A2-47FFC336EB2F}.Debug|Any CPU.ActiveCfg = Debug|Any CPU
		{FC9F4D92-618D-4A43-92A2-47FFC336EB2F}.Debug|Any CPU.Build.0 = Debug|Any CPU
		{FC9F4D92-618D-4A43-92A2-47FFC336EB2F}.Release|Any CPU.ActiveCfg = Release|Any CPU
		{FC9F4D92-618D-4A43-92A2-47FFC336EB2F}.Release|Any CPU.Build.0 = Release|Any CPU
		{53ED53BC-301C-4D25-80D9-0912DCAF3A30}.Debug|Any CPU.ActiveCfg = Debug|Any CPU
		{53ED53BC-301C-4D25-80D9-0912DCAF3A30}.Debug|Any CPU.Build.0 = Debug|Any CPU
		{53ED53BC-301C-4D25-80D9-0912DCAF3A30}.Release|Any CPU.ActiveCfg = Release|Any CPU
		{53ED53BC-301C-4D25-80D9-0912DCAF3A30}.Release|Any CPU.Build.0 = Release|Any CPU
		{4C14DE15-EC79-4C61-A9D1-B3E27532836A}.Debug|Any CPU.ActiveCfg = Debug|Any CPU
		{4C14DE15-EC79-4C61-A9D1-B3E27532836A}.Debug|Any CPU.Build.0 = Debug|Any CPU
		{4C14DE15-EC79-4C61-A9D1-B3E27532836A}.Release|Any CPU.ActiveCfg = Release|Any CPU
		{4C14DE15-EC79-4C61-A9D1-B3E27532836A}.Release|Any CPU.Build.0 = Release|Any CPU
		{4AFB8267-A590-4778-A2D8-53AB03D47E81}.Debug|Any CPU.ActiveCfg = Debug|Any CPU
		{4AFB8267-A590-4778-A2D8-53AB03D47E81}.Debug|Any CPU.Build.0 = Debug|Any CPU
		{4AFB8267-A590-4778-A2D8-53AB03D47E81}.Release|Any CPU.ActiveCfg = Release|Any CPU
		{4AFB8267-A590-4778-A2D8-53AB03D47E81}.Release|Any CPU.Build.0 = Release|Any CPU
		{8A581454-944B-4125-8990-E523FA8830D1}.Debug|Any CPU.ActiveCfg = Debug|Any CPU
		{8A581454-944B-4125-8990-E523FA8830D1}.Debug|Any CPU.Build.0 = Debug|Any CPU
		{8A581454-944B-4125-8990-E523FA8830D1}.Release|Any CPU.ActiveCfg = Release|Any CPU
		{8A581454-944B-4125-8990-E523FA8830D1}.Release|Any CPU.Build.0 = Release|Any CPU
	EndGlobalSection
	GlobalSection(SolutionProperties) = preSolution
		HideSolutionNode = FALSE
	EndGlobalSection
	GlobalSection(NestedProjects) = preSolution
		{FC9F4D92-618D-4A43-92A2-47FFC336EB2F} = {4B55DA98-3CB3-4E12-BDBB-A1B9C4DFFE4F}
		{53ED53BC-301C-4D25-80D9-0912DCAF3A30} = {4B55DA98-3CB3-4E12-BDBB-A1B9C4DFFE4F}
		{4C14DE15-EC79-4C61-A9D1-B3E27532836A} = {4B55DA98-3CB3-4E12-BDBB-A1B9C4DFFE4F}
		{4AFB8267-A590-4778-A2D8-53AB03D47E81} = {A75CBEC7-1A39-48F0-BF03-7D811B012633}
		{8A581454-944B-4125-8990-E523FA8830D1} = {4B55DA98-3CB3-4E12-BDBB-A1B9C4DFFE4F}
	EndGlobalSection
	GlobalSection(ExtensibilityGlobals) = postSolution
		SolutionGuid = {368E2F8D-8DFA-4B95-ADF3-2DB89D1741F0}
	EndGlobalSection
EndGlobal
